
Microsoft Visual Studio Solution File, Format Version 12.00
# Visual Studio 14
VisualStudioVersion = 14.0.25420.1
MinimumVisualStudioVersion = 10.0.40219.1
Project("{FAE04EC0-301F-11D3-BF4B-00C04F79EFBC}") = "ROTK.VoiceAssistant.UI", "ROTK.VoiceAssistant.UI\ROTK.VoiceAssistant.UI.csproj", "{64CFFE74-F74F-49BA-9BA3-3710188A43FA}"
EndProject
Project("{FAE04EC0-301F-11D3-BF4B-00C04F79EFBC}") = "ROTK.VoiceAssistant.LUISClientLibrary", "ROTK.VoiceAssistant.LUISClientLibrary\ROTK.VoiceAssistant.LUISClientLibrary.csproj", "{43DAA109-EF1B-4C29-B231-9CFC88142446}"
EndProject
Project("{FAE04EC0-301F-11D3-BF4B-00C04F79EFBC}") = "ROTK.VoiceAssistant.IntentHandler", "ROTK.VoiceAssistant.IntentHandler\ROTK.VoiceAssistant.IntentHandler.csproj", "{57175C87-BEDE-41CF-8145-D02048E657B4}"
EndProject
Project("{FAE04EC0-301F-11D3-BF4B-00C04F79EFBC}") = "ROTK.VoiceAssistant.Events", "ROTK.VoiceAssistant.Events\ROTK.VoiceAssistant.Events.csproj", "{27E8D2C2-BADF-469D-9F06-5349C4E925C7}"
EndProject
Project("{FAE04EC0-301F-11D3-BF4B-00C04F79EFBC}") = "ROTK.VoiceAssistant.Model", "ROTK.VoiceAssistant.Model\ROTK.VoiceAssistant.Model.csproj", "{A8022E1C-51B9-470C-A2E8-B6295AF4366A}"
EndProject
Project("{FAE04EC0-301F-11D3-BF4B-00C04F79EFBC}") = "ROTK.VoiceAssistant.Messaging", "ROTK.VoiceAssistant.Messaging\ROTK.VoiceAssistant.Messaging.csproj", "{AB8B448C-DD74-4D60-A041-3E5D03A32180}"
EndProject
Project("{FAE04EC0-301F-11D3-BF4B-00C04F79EFBC}") = "ROTK.VoiceAssistant.Navigation", "ROTK.VoiceAssistant.Navigation\ROTK.VoiceAssistant.Navigation.csproj", "{6C1A1D8C-E8C1-4761-B003-ED5E93D4CC62}"
EndProject
Project("{FAE04EC0-301F-11D3-BF4B-00C04F79EFBC}") = "ROTK.VoiceAssistant.UI.Behavior", "ROTK.VoiceAssistant.UI.Behavior\ROTK.VoiceAssistant.UI.Behavior.csproj", "{7D48D31B-4C1D-4318-B0D5-FA7931C6185B}"
EndProject
Project("{FAE04EC0-301F-11D3-BF4B-00C04F79EFBC}") = "ROTK.VoiceAssistant.Incident", "ROTK.VoiceAssistant.Incident\ROTK.VoiceAssistant.Incident.csproj", "{2EE173F8-B17F-4F9F-9F66-9CD553506C32}"
EndProject
Project("{FAE04EC0-301F-11D3-BF4B-00C04F79EFBC}") = "ROTK.VoiceAssistant.Log", "ROTK.VoiceAssistant.Log\ROTK.VoiceAssistant.Log.csproj", "{AE90C943-DD2E-4282-82C7-3CDB906804FC}"
EndProject
Project("{FAE04EC0-301F-11D3-BF4B-00C04F79EFBC}") = "ROTK.VoiceAssistant.Services", "ROTK.VoiceAssistant.Services\ROTK.VoiceAssistant.Services.csproj", "{3E372CC6-761D-4EDD-8806-F3A70B1C08C4}"
EndProject
Global
	GlobalSection(SolutionConfigurationPlatforms) = preSolution
		Debug|Any CPU = Debug|Any CPU
		Release|Any CPU = Release|Any CPU
	EndGlobalSection
	GlobalSection(ProjectConfigurationPlatforms) = postSolution
		{64CFFE74-F74F-49BA-9BA3-3710188A43FA}.Debug|Any CPU.ActiveCfg = Debug|Any CPU
		{64CFFE74-F74F-49BA-9BA3-3710188A43FA}.Debug|Any CPU.Build.0 = Debug|Any CPU
		{64CFFE74-F74F-49BA-9BA3-3710188A43FA}.Release|Any CPU.ActiveCfg = Release|Any CPU
		{64CFFE74-F74F-49BA-9BA3-3710188A43FA}.Release|Any CPU.Build.0 = Release|Any CPU
		{43DAA109-EF1B-4C29-B231-9CFC88142446}.Debug|Any CPU.ActiveCfg = Debug|Any CPU
		{43DAA109-EF1B-4C29-B231-9CFC88142446}.Debug|Any CPU.Build.0 = Debug|Any CPU
		{43DAA109-EF1B-4C29-B231-9CFC88142446}.Release|Any CPU.ActiveCfg = Release|Any CPU
		{43DAA109-EF1B-4C29-B231-9CFC88142446}.Release|Any CPU.Build.0 = Release|Any CPU
		{57175C87-BEDE-41CF-8145-D02048E657B4}.Debug|Any CPU.ActiveCfg = Debug|Any CPU
		{57175C87-BEDE-41CF-8145-D02048E657B4}.Debug|Any CPU.Build.0 = Debug|Any CPU
		{57175C87-BEDE-41CF-8145-D02048E657B4}.Release|Any CPU.ActiveCfg = Release|Any CPU
		{57175C87-BEDE-41CF-8145-D02048E657B4}.Release|Any CPU.Build.0 = Release|Any CPU
		{27E8D2C2-BADF-469D-9F06-5349C4E925C7}.Debug|Any CPU.ActiveCfg = Debug|Any CPU
		{27E8D2C2-BADF-469D-9F06-5349C4E925C7}.Debug|Any CPU.Build.0 = Debug|Any CPU
		{27E8D2C2-BADF-469D-9F06-5349C4E925C7}.Release|Any CPU.ActiveCfg = Release|Any CPU
		{27E8D2C2-BADF-469D-9F06-5349C4E925C7}.Release|Any CPU.Build.0 = Release|Any CPU
		{A8022E1C-51B9-470C-A2E8-B6295AF4366A}.Debug|Any CPU.ActiveCfg = Debug|Any CPU
		{A8022E1C-51B9-470C-A2E8-B6295AF4366A}.Debug|Any CPU.Build.0 = Debug|Any CPU
		{A8022E1C-51B9-470C-A2E8-B6295AF4366A}.Release|Any CPU.ActiveCfg = Release|Any CPU
		{A8022E1C-51B9-470C-A2E8-B6295AF4366A}.Release|Any CPU.Build.0 = Release|Any CPU
		{AB8B448C-DD74-4D60-A041-3E5D03A32180}.Debug|Any CPU.ActiveCfg = Debug|Any CPU
		{AB8B448C-DD74-4D60-A041-3E5D03A32180}.Debug|Any CPU.Build.0 = Debug|Any CPU
		{AB8B448C-DD74-4D60-A041-3E5D03A32180}.Release|Any CPU.ActiveCfg = Release|Any CPU
		{AB8B448C-DD74-4D60-A041-3E5D03A32180}.Release|Any CPU.Build.0 = Release|Any CPU
		{6C1A1D8C-E8C1-4761-B003-ED5E93D4CC62}.Debug|Any CPU.ActiveCfg = Debug|Any CPU
		{6C1A1D8C-E8C1-4761-B003-ED5E93D4CC62}.Debug|Any CPU.Build.0 = Debug|Any CPU
		{6C1A1D8C-E8C1-4761-B003-ED5E93D4CC62}.Release|Any CPU.ActiveCfg = Release|Any CPU
		{6C1A1D8C-E8C1-4761-B003-ED5E93D4CC62}.Release|Any CPU.Build.0 = Release|Any CPU
		{7D48D31B-4C1D-4318-B0D5-FA7931C6185B}.Debug|Any CPU.ActiveCfg = Debug|Any CPU
		{7D48D31B-4C1D-4318-B0D5-FA7931C6185B}.Debug|Any CPU.Build.0 = Debug|Any CPU
		{7D48D31B-4C1D-4318-B0D5-FA7931C6185B}.Release|Any CPU.ActiveCfg = Release|Any CPU
		{7D48D31B-4C1D-4318-B0D5-FA7931C6185B}.Release|Any CPU.Build.0 = Release|Any CPU
		{2EE173F8-B17F-4F9F-9F66-9CD553506C32}.Debug|Any CPU.ActiveCfg = Debug|Any CPU
		{2EE173F8-B17F-4F9F-9F66-9CD553506C32}.Debug|Any CPU.Build.0 = Debug|Any CPU
		{2EE173F8-B17F-4F9F-9F66-9CD553506C32}.Release|Any CPU.ActiveCfg = Release|Any CPU
		{2EE173F8-B17F-4F9F-9F66-9CD553506C32}.Release|Any CPU.Build.0 = Release|Any CPU
		{AE90C943-DD2E-4282-82C7-3CDB906804FC}.Debug|Any CPU.ActiveCfg = Debug|Any CPU
		{AE90C943-DD2E-4282-82C7-3CDB906804FC}.Debug|Any CPU.Build.0 = Debug|Any CPU
		{AE90C943-DD2E-4282-82C7-3CDB906804FC}.Release|Any CPU.ActiveCfg = Release|Any CPU
		{AE90C943-DD2E-4282-82C7-3CDB906804FC}.Release|Any CPU.Build.0 = Release|Any CPU
		{3E372CC6-761D-4EDD-8806-F3A70B1C08C4}.Debug|Any CPU.ActiveCfg = Debug|Any CPU
		{3E372CC6-761D-4EDD-8806-F3A70B1C08C4}.Debug|Any CPU.Build.0 = Debug|Any CPU
		{3E372CC6-761D-4EDD-8806-F3A70B1C08C4}.Release|Any CPU.ActiveCfg = Release|Any CPU
		{3E372CC6-761D-4EDD-8806-F3A70B1C08C4}.Release|Any CPU.Build.0 = Release|Any CPU
	EndGlobalSection
	GlobalSection(SolutionProperties) = preSolution
		HideSolutionNode = FALSE
	EndGlobalSection
EndGlobal
